# This file was autogenerated by Stack.
# You should not edit this file by hand.
# For more information, please see the documentation at:
#   https://docs.haskellstack.org/en/stable/lock_files

packages:
- completed:
    hackage: moo-1.2@sha256:0c4be1a01548db785dcbbe6b8c98579dbf03c5b3b536e0420dce3ba6a61337cb,5951
    pantry-tree:
      size: 2861
      sha256: a32c48fefc42e1f7775c868794a91604522a59a1c0d2b2accff12197329f2d17
  original:
    hackage: moo-1.2@sha256:0c4be1a01548db785dcbbe6b8c98579dbf03c5b3b536e0420dce3ba6a61337cb,5951
- completed:
    hackage: gray-code-0.3.1@sha256:2c8a4ed9c9ee37320305610604d6d93504e0813d7c9768949af418b53043185a,2388
    pantry-tree:
      size: 506
      sha256: 7b133d19b93231ea84b286cfe1a2038d67f9b553826845b33fad6526464e1de7
  original:
    hackage: gray-code-0.3.1@sha256:2c8a4ed9c9ee37320305610604d6d93504e0813d7c9768949af418b53043185a,2388
- completed:
    hackage: optics-0.2@sha256:813ef6cc4d2e2b5ee00435831031f38917ba01d1e56dcb62dc18cd0315a9ccb7,6296
    pantry-tree:
      size: 1003
      sha256: 8a74dbcd983fcc96b7b6c5c9fc6da7240dd2e5bdab7caa4927b8287a4cbe5c0f
  original:
    hackage: optics-0.2@sha256:813ef6cc4d2e2b5ee00435831031f38917ba01d1e56dcb62dc18cd0315a9ccb7,6296
- completed:
    hackage: optics-th-0.2@sha256:b4f6c5a3f134c697837190ed6da969dd284aefe79e43c3ef793093b607bb83b9,1929
    pantry-tree:
      size: 653
      sha256: f6b5caed956d3761b35769ac518d3f0f407449dafe33154992386f02d9489bad
  original:
    hackage: optics-th-0.2@sha256:b4f6c5a3f134c697837190ed6da969dd284aefe79e43c3ef793093b607bb83b9,1929
- completed:
    hackage: optics-core-0.2@sha256:cfdf39871553769b59fcc54863a3521d262ea25d8d05d0f41ab87296c560cfa6,4392
    pantry-tree:
      size: 4818
      sha256: 77521681ab5e6fd84a31b7cf9c5f51233141eecd7b9545a1c9eef6b1015776bc
  original:
    hackage: optics-core-0.2@sha256:cfdf39871553769b59fcc54863a3521d262ea25d8d05d0f41ab87296c560cfa6,4392
- completed:
    hackage: optics-extra-0.2@sha256:211ce1dfd1b3ffd95c1158d8c8beb53cbd17c4d477169e226b1831607f6789eb,3370
    pantry-tree:
      size: 1809
      sha256: cce8df05ef2e673461efa35734e072c54b78c73a17ee4a1e59c94252a3d53788
  original:
    hackage: optics-extra-0.2@sha256:211ce1dfd1b3ffd95c1158d8c8beb53cbd17c4d477169e226b1831607f6789eb,3370
- completed:
    hackage: indexed-profunctors-0.1@sha256:ddf618d0d4c58319c1e735e746bc69a1021f13b6f475dc9614b80af03432e6d4,1016
    pantry-tree:
      size: 235
      sha256: cfd66c0a53be1b45eae72df112ea1158614458bb7b1c9cbbe3410b04ab011ec6
  original:
    hackage: indexed-profunctors-0.1@sha256:ddf618d0d4c58319c1e735e746bc69a1021f13b6f475dc9614b80af03432e6d4,1016
- completed:
    hackage: optparse-applicative-simple-1.1.0.2@sha256:30c8f75ad9ec63924c0dbacd8ba42846d9eb0f4c4ca030d26f22232d17acfccc,2754
    pantry-tree:
      size: 476
      sha256: cec51b9e36e1ec97759b8679ee0bb089353a0651feea9e5f33fa2918613fc1fd
  original:
    hackage: optparse-applicative-simple-1.1.0.2@sha256:30c8f75ad9ec63924c0dbacd8ba42846d9eb0f4c4ca030d26f22232d17acfccc,2754
- completed:
    hackage: attoparsec-data-1.0.4.1@sha256:7d9225f77efab0ddb4b9b14b7d0e745993e4735fdab81c7222eb16dfe47a1a01,1518
    pantry-tree:
      size: 451
      sha256: 5ce86aa596c5c4cd779b74a8a99a4a8ddd5b7aae8fcad940d47e9e7a82421809
  original:
    hackage: attoparsec-data-1.0.4.1@sha256:7d9225f77efab0ddb4b9b14b7d0e745993e4735fdab81c7222eb16dfe47a1a01,1518
- completed:
    hackage: attoparsec-time-1.0.1.1@sha256:7254ee92d32a5e9c95ac1f570b0a2cea34003428b01b2f50f9b96dd71339355d,1650
    pantry-tree:
      size: 535
      sha256: ff145cdd9b06a99080e8bf99a62ba18f3d744b005c6808d547b1da316b7dac6d
  original:
    hackage: attoparsec-time-1.0.1.1@sha256:7254ee92d32a5e9c95ac1f570b0a2cea34003428b01b2f50f9b96dd71339355d,1650
snapshots:
- completed:
    size: 523541
    url: https://raw.githubusercontent.com/commercialhaskell/stackage-snapshots/master/lts/14/23.yaml
    sha256: f761fe419a1a44fc3ef47f5bfb1853304d13320fc72b45d2798c08d21dabc23c
  original: lts-14.23
