# This file was autogenerated by Stack.
# You should not edit this file by hand.
# For more information, please see the documentation at:
#   https://docs.haskellstack.org/en/stable/lock_files

packages:
- completed:
    hackage: moo-1.2@sha256:0c4be1a01548db785dcbbe6b8c98579dbf03c5b3b536e0420dce3ba6a61337cb,5951
    pantry-tree:
      size: 2861
      sha256: a32c48fefc42e1f7775c868794a91604522a59a1c0d2b2accff12197329f2d17
  original:
    hackage: moo-1.2@sha256:0c4be1a01548db785dcbbe6b8c98579dbf03c5b3b536e0420dce3ba6a61337cb,5951
- completed:
    hackage: gray-code-0.3.1@sha256:2c8a4ed9c9ee37320305610604d6d93504e0813d7c9768949af418b53043185a,2388
    pantry-tree:
      size: 506
      sha256: 7b133d19b93231ea84b286cfe1a2038d67f9b553826845b33fad6526464e1de7
  original:
    hackage: gray-code-0.3.1@sha256:2c8a4ed9c9ee37320305610604d6d93504e0813d7c9768949af418b53043185a,2388
snapshots:
- completed:
    size: 523541
    url: https://raw.githubusercontent.com/commercialhaskell/stackage-snapshots/master/lts/14/23.yaml
    sha256: f761fe419a1a44fc3ef47f5bfb1853304d13320fc72b45d2798c08d21dabc23c
  original: lts-14.23
